{
  "nodes": {
    "flakeNimbleLib": {
      "inputs": {
        "nixpkgs": [
          "nixpkgs"
        ]
      },
      "locked": {
        "lastModified": 1662018438,
        "narHash": "sha256-QtNtU6+LX3Wokxf0zlFwKTFOcn6TeDjKQZ+DA9OYtvM=",
        "owner": "riinr",
        "repo": "nim-flakes-lib",
        "rev": "b1fe8340736e3a85d25c709ac3dfd82a55c03cbf",
        "type": "github"
      },
      "original": {
        "owner": "riinr",
        "ref": "master",
        "repo": "nim-flakes-lib",
        "type": "github"
      }
    },
    "nixpkgs": {
      "locked": {
        "lastModified": 1667110639,
        "narHash": "sha256-4FbPESZ5LbqQxkJJJBAfk/zKgF9h/4kyUwjjpJwYlbc=",
        "owner": "NixOS",
        "repo": "nixpkgs",
        "rev": "f38a1f04d1bec1feb61fd101a0539ae2002a7087",
        "type": "github"
      },
      "original": {
        "id": "nixpkgs",
        "type": "indirect"
      }
    },
    "openexchangerates-master": {
      "inputs": {
        "flakeNimbleLib": [
          "flakeNimbleLib"
        ],
        "nixpkgs": [
          "nixpkgs"
        ],
        "src-openexchangerates-master": "src-openexchangerates-master"
      },
      "locked": {
        "dir": "master",
        "lastModified": 1662254715,
        "narHash": "sha256-i/RyoHQ1CbqE13Km6hFpQht75iErEUOYBkhFbfkNgRs=",
        "owner": "nim-nix-pkgs",
        "repo": "openexchangerates",
        "rev": "97822830463ed5e4969b024269213de13bfcb14f",
        "type": "github"
      },
      "original": {
        "dir": "master",
        "owner": "nim-nix-pkgs",
        "ref": "master",
        "repo": "openexchangerates",
        "type": "github"
      }
    },
    "root": {
      "inputs": {
        "flakeNimbleLib": "flakeNimbleLib",
        "nixpkgs": "nixpkgs",
        "openexchangerates-master": "openexchangerates-master"
      }
    },
    "src-openexchangerates-master": {
      "flake": false,
      "locked": {
        "lastModified": 1559841287,
        "narHash": "sha256-ZkG6idPEdbRq37b2wdHGteasrNU3XK+k/rhr8YAzN+E=",
        "owner": "juancarlospaco",
        "repo": "nim-openexchangerates",
        "rev": "2582c88f5391f8b845f7befd38ac1e58591bae42",
        "type": "github"
      },
      "original": {
        "owner": "juancarlospaco",
        "ref": "refs/heads/master",
        "repo": "nim-openexchangerates",
        "type": "github"
      }
    }
  },
  "root": "root",
  "version": 7
}
